<?xml version="1.0" encoding="utf-8"?>
<Project ToolsVersion="4.0" xmlns="http://schemas.microsoft.com/developer/msbuild/2003">
  <ItemGroup>
    <Filter Include="GUI">
      <UniqueIdentifier>{bba9c9fa-f477-4535-9f6f-f22dfd3b8de9}</UniqueIdentifier>
    </Filter>
    <Filter Include="utility">
      <UniqueIdentifier>{c9c7be42-1f50-4cd6-a66d-4b52b421f625}</UniqueIdentifier>
    </Filter>
    <Filter Include="renderer">
      <UniqueIdentifier>{846d90c9-4554-43e4-811c-0fcbafde12f1}</UniqueIdentifier>
    </Filter>
    <Filter Include="renderer\loader">
      <UniqueIdentifier>{0df8fbd5-eba8-4f3b-9c3e-7565616ed775}</UniqueIdentifier>
    </Filter>
    <Filter Include="renderer\core">
      <UniqueIdentifier>{59d012f8-19f6-4441-9f84-b382004ec3bd}</UniqueIdentifier>
    </Filter>
    <Filter Include="renderer\kernel">
      <UniqueIdentifier>{a2def12b-ab10-44fc-b710-8f9c895d89e6}</UniqueIdentifier>
    </Filter>
    <Filter Include="ext">
      <UniqueIdentifier>{9ad32e72-13b3-4522-bd9f-ea147e0f37c8}</UniqueIdentifier>
    </Filter>
    <Filter Include="ext\filesystem">
      <UniqueIdentifier>{c6bb3bf6-6738-4256-9ca8-b663c95b1d52}</UniqueIdentifier>
    </Filter>
    <Filter Include="ext\pugixml">
      <UniqueIdentifier>{4182f724-bca8-4f0f-92f2-aa0c761dc192}</UniqueIdentifier>
    </Filter>
    <Filter Include="ext\tinyformat">
      <UniqueIdentifier>{ef18e5e3-0f9b-4dd2-bcdb-a5eb3446a961}</UniqueIdentifier>
    </Filter>
  </ItemGroup>
  <ItemGroup>
    <ClCompile Include="..\src\main.cpp" />
    <ClCompile Include="..\src\GUI\gui.cpp">
      <Filter>GUI</Filter>
    </ClCompile>
    <ClCompile Include="..\src\renderer\loader\mitsubaloader.cpp">
      <Filter>renderer\loader</Filter>
    </ClCompile>
    <ClCompile Include="..\src\ext\pugixml\pugixml.cpp">
      <Filter>ext\pugixml</Filter>
    </ClCompile>
    <ClCompile Include="..\src\renderer\loader\pbrtloader.cpp">
      <Filter>renderer\loader</Filter>
    </ClCompile>
    <ClCompile Include="..\src\renderer\core\parameterset.cpp">
      <Filter>renderer\core</Filter>
    </ClCompile>
    <ClCompile Include="..\src\renderer\core\api.cpp">
      <Filter>renderer\core</Filter>
    </ClCompile>
    <ClCompile Include="..\src\renderer\core\transform.cpp">
      <Filter>renderer\core</Filter>
    </ClCompile>
    <ClCompile Include="..\src\renderer\core\spectrum.cpp">
      <Filter>renderer\core</Filter>
    </ClCompile>
    <ClCompile Include="..\src\renderer\core\geometry.cpp">
      <Filter>renderer\core</Filter>
    </ClCompile>
  </ItemGroup>
  <ItemGroup>
    <ClInclude Include="..\src\GUI\gui.h">
      <Filter>GUI</Filter>
    </ClInclude>
    <ClInclude Include="..\src\utility\exception.h">
      <Filter>utility</Filter>
    </ClInclude>
    <ClInclude Include="..\src\utility\helper_cuda.h">
      <Filter>utility</Filter>
    </ClInclude>
    <ClInclude Include="..\src\utility\helper_functions.h">
      <Filter>utility</Filter>
    </ClInclude>
    <ClInclude Include="..\src\utility\helper_gl.h">
      <Filter>utility</Filter>
    </ClInclude>
    <ClInclude Include="..\src\utility\helper_image.h">
      <Filter>utility</Filter>
    </ClInclude>
    <ClInclude Include="..\src\utility\helper_math.h">
      <Filter>utility</Filter>
    </ClInclude>
    <ClInclude Include="..\src\utility\helper_string.h">
      <Filter>utility</Filter>
    </ClInclude>
    <ClInclude Include="..\src\utility\helper_timer.h">
      <Filter>utility</Filter>
    </ClInclude>
    <ClInclude Include="..\src\utility\timer.h">
      <Filter>utility</Filter>
    </ClInclude>
    <ClInclude Include="..\src\loader\objloader.h">
      <Filter>renderer\loader</Filter>
    </ClInclude>
    <ClInclude Include="..\src\renderer\loader\mitsubaloader.h">
      <Filter>renderer\loader</Filter>
    </ClInclude>
    <ClInclude Include="..\src\renderer\core\scene.h">
      <Filter>renderer\core</Filter>
    </ClInclude>
    <ClInclude Include="..\src\renderer\loader\sceneloader.h">
      <Filter>renderer\loader</Filter>
    </ClInclude>
    <ClInclude Include="..\src\ext\filesystem\fwd.h">
      <Filter>ext\filesystem</Filter>
    </ClInclude>
    <ClInclude Include="..\src\ext\filesystem\path.h">
      <Filter>ext\filesystem</Filter>
    </ClInclude>
    <ClInclude Include="..\src\ext\filesystem\resolver.h">
      <Filter>ext\filesystem</Filter>
    </ClInclude>
    <ClInclude Include="..\src\renderer\core\fwd.h">
      <Filter>renderer\core</Filter>
    </ClInclude>
    <ClInclude Include="..\src\utility\helper_logger.h">
      <Filter>utility</Filter>
    </ClInclude>
    <ClInclude Include="..\src\ext\pugixml\pugiconfig.hpp">
      <Filter>ext\pugixml</Filter>
    </ClInclude>
    <ClInclude Include="..\src\ext\pugixml\pugixml.hpp">
      <Filter>ext\pugixml</Filter>
    </ClInclude>
    <ClInclude Include="..\src\ext\tinyformat\tinyformat.h">
      <Filter>ext\tinyformat</Filter>
    </ClInclude>
    <ClInclude Include="..\src\renderer\loader\pbrtloader.h">
      <Filter>renderer\loader</Filter>
    </ClInclude>
    <ClInclude Include="..\src\renderer\core\parameterset.h">
      <Filter>renderer\core</Filter>
    </ClInclude>
    <ClInclude Include="..\src\renderer\core\api.h">
      <Filter>renderer\core</Filter>
    </ClInclude>
    <ClInclude Include="..\src\renderer\core\transform.h">
      <Filter>renderer\core</Filter>
    </ClInclude>
    <ClInclude Include="..\src\renderer\core\spectrum.h">
      <Filter>renderer\core</Filter>
    </ClInclude>
    <ClInclude Include="..\src\renderer\core\geometry.h">
      <Filter>renderer\core</Filter>
    </ClInclude>
  </ItemGroup>
  <ItemGroup>
    <CudaCompile Include="..\src\renderer\kernel\kernel.cu">
      <Filter>renderer\kernel</Filter>
    </CudaCompile>
  </ItemGroup>
</Project>